// !$*UTF8*$!
{
	archiveVersion = 1;
	classes = {
	};
	objectVersion = 56;
	objects = {

/* Begin PBXBuildFile section */
		0A1C4EEA2A0CAC6500D7A9D2 /* Note.swift in Sources */ = {isa = PBXBuildFile; fileRef = 0A1C4EE92A0CAC6500D7A9D2 /* Note.swift */; };
		0A1C4EEC2A0CAD8000D7A9D2 /* AddNote.swift in Sources */ = {isa = PBXBuildFile; fileRef = 0A1C4EEB2A0CAD8000D7A9D2 /* AddNote.swift */; };
		0A1C4EEE2A0CB64B00D7A9D2 /* ListNotes.swift in Sources */ = {isa = PBXBuildFile; fileRef = 0A1C4EED2A0CB64B00D7A9D2 /* ListNotes.swift */; };
		0A1C4EF02A0CB7E100D7A9D2 /* DetailNote.swift in Sources */ = {isa = PBXBuildFile; fileRef = 0A1C4EEF2A0CB7E100D7A9D2 /* DetailNote.swift */; };
		0A1C4EF22A0CC9F100D7A9D2 /* Tools.swift in Sources */ = {isa = PBXBuildFile; fileRef = 0A1C4EF12A0CC9F100D7A9D2 /* Tools.swift */; };
		0AE6FB952A0CA6D70082AF4E /* NotesWatchApp Watch App.app in Embed Watch Content */ = {isa = PBXBuildFile; fileRef = 0AE6FB942A0CA6D70082AF4E /* NotesWatchApp Watch App.app */; settings = {ATTRIBUTES = (RemoveHeadersOnCopy, ); }; };
		0AE6FB9A2A0CA6D70082AF4E /* NotesWatchAppApp.swift in Sources */ = {isa = PBXBuildFile; fileRef = 0AE6FB992A0CA6D70082AF4E /* NotesWatchAppApp.swift */; };
		0AE6FB9C2A0CA6D70082AF4E /* ContentView.swift in Sources */ = {isa = PBXBuildFile; fileRef = 0AE6FB9B2A0CA6D70082AF4E /* ContentView.swift */; };
		0AE6FB9E2A0CA6D80082AF4E /* Assets.xcassets in Resources */ = {isa = PBXBuildFile; fileRef = 0AE6FB9D2A0CA6D80082AF4E /* Assets.xcassets */; };
		0AE6FBA12A0CA6D80082AF4E /* Preview Assets.xcassets in Resources */ = {isa = PBXBuildFile; fileRef = 0AE6FBA02A0CA6D80082AF4E /* Preview Assets.xcassets */; };
/* End PBXBuildFile section */

/* Begin PBXContainerItemProxy section */
		0AE6FB962A0CA6D70082AF4E /* PBXContainerItemProxy */ = {
			isa = PBXContainerItemProxy;
			containerPortal = 0AE6FB882A0CA6D70082AF4E /* Project object */;
			proxyType = 1;
			remoteGlobalIDString = 0AE6FB932A0CA6D70082AF4E;
			remoteInfo = "NotesWatchApp Watch App";
		};
/* End PBXContainerItemProxy section */

/* Begin PBXCopyFilesBuildPhase section */
		0AE6FBA72A0CA6D80082AF4E /* Embed Watch Content */ = {
			isa = PBXCopyFilesBuildPhase;
			buildActionMask = 2147483647;
			dstPath = "$(CONTENTS_FOLDER_PATH)/Watch";
			dstSubfolderSpec = 16;
			files = (
				0AE6FB952A0CA6D70082AF4E /* NotesWatchApp Watch App.app in Embed Watch Content */,
			);
			name = "Embed Watch Content";
			runOnlyForDeploymentPostprocessing = 0;
		};
/* End PBXCopyFilesBuildPhase section */

/* Begin PBXFileReference section */
		0A1C4EE92A0CAC6500D7A9D2 /* Note.swift */ = {isa = PBXFileReference; lastKnownFileType = sourcecode.swift; path = Note.swift; sourceTree = "<group>"; };
		0A1C4EEB2A0CAD8000D7A9D2 /* AddNote.swift */ = {isa = PBXFileReference; lastKnownFileType = sourcecode.swift; path = AddNote.swift; sourceTree = "<group>"; };
		0A1C4EED2A0CB64B00D7A9D2 /* ListNotes.swift */ = {isa = PBXFileReference; lastKnownFileType = sourcecode.swift; path = ListNotes.swift; sourceTree = "<group>"; };
		0A1C4EEF2A0CB7E100D7A9D2 /* DetailNote.swift */ = {isa = PBXFileReference; lastKnownFileType = sourcecode.swift; path = DetailNote.swift; sourceTree = "<group>"; };
		0A1C4EF12A0CC9F100D7A9D2 /* Tools.swift */ = {isa = PBXFileReference; lastKnownFileType = sourcecode.swift; path = Tools.swift; sourceTree = "<group>"; };
		0AE6FB8E2A0CA6D70082AF4E /* NotesWatchApp.app */ = {isa = PBXFileReference; explicitFileType = wrapper.application; includeInIndex = 0; path = NotesWatchApp.app; sourceTree = BUILT_PRODUCTS_DIR; };
		0AE6FB942A0CA6D70082AF4E /* NotesWatchApp Watch App.app */ = {isa = PBXFileReference; explicitFileType = wrapper.application; includeInIndex = 0; path = "NotesWatchApp Watch App.app"; sourceTree = BUILT_PRODUCTS_DIR; };
		0AE6FB992A0CA6D70082AF4E /* NotesWatchAppApp.swift */ = {isa = PBXFileReference; lastKnownFileType = sourcecode.swift; path = NotesWatchAppApp.swift; sourceTree = "<group>"; };
		0AE6FB9B2A0CA6D70082AF4E /* ContentView.swift */ = {isa = PBXFileReference; lastKnownFileType = sourcecode.swift; path = ContentView.swift; sourceTree = "<group>"; };
		0AE6FB9D2A0CA6D80082AF4E /* Assets.xcassets */ = {isa = PBXFileReference; lastKnownFileType = folder.assetcatalog; path = Assets.xcassets; sourceTree = "<group>"; };
		0AE6FBA02A0CA6D80082AF4E /* Preview Assets.xcassets */ = {isa = PBXFileReference; lastKnownFileType = folder.assetcatalog; path = "Preview Assets.xcassets"; sourceTree = "<group>"; };
/* End PBXFileReference section */

/* Begin PBXFrameworksBuildPhase section */
		0AE6FB912A0CA6D70082AF4E /* Frameworks */ = {
			isa = PBXFrameworksBuildPhase;
			buildActionMask = 2147483647;
			files = (
			);
			runOnlyForDeploymentPostprocessing = 0;
		};
/* End PBXFrameworksBuildPhase section */

/* Begin PBXGroup section */
		0AE6FB872A0CA6D70082AF4E = {
			isa = PBXGroup;
			children = (
				0AE6FB982A0CA6D70082AF4E /* NotesWatchApp Watch App */,
				0AE6FB8F2A0CA6D70082AF4E /* Products */,
			);
			sourceTree = "<group>";
		};
		0AE6FB8F2A0CA6D70082AF4E /* Products */ = {
			isa = PBXGroup;
			children = (
				0AE6FB8E2A0CA6D70082AF4E /* NotesWatchApp.app */,
				0AE6FB942A0CA6D70082AF4E /* NotesWatchApp Watch App.app */,
			);
			name = Products;
			sourceTree = "<group>";
		};
		0AE6FB982A0CA6D70082AF4E /* NotesWatchApp Watch App */ = {
			isa = PBXGroup;
			children = (
				0AE6FB992A0CA6D70082AF4E /* NotesWatchAppApp.swift */,
				0AE6FB9B2A0CA6D70082AF4E /* ContentView.swift */,
				0A1C4EEB2A0CAD8000D7A9D2 /* AddNote.swift */,
				0A1C4EED2A0CB64B00D7A9D2 /* ListNotes.swift */,
				0A1C4EEF2A0CB7E100D7A9D2 /* DetailNote.swift */,
				0A1C4EE92A0CAC6500D7A9D2 /* Note.swift */,
				0A1C4EF12A0CC9F100D7A9D2 /* Tools.swift */,
				0AE6FB9D2A0CA6D80082AF4E /* Assets.xcassets */,
				0AE6FB9F2A0CA6D80082AF4E /* Preview Content */,
			);
			path = "NotesWatchApp Watch App";
			sourceTree = "<group>";
		};
		0AE6FB9F2A0CA6D80082AF4E /* Preview Content */ = {
			isa = PBXGroup;
			children = (
				0AE6FBA02A0CA6D80082AF4E /* Preview Assets.xcassets */,
			);
			path = "Preview Content";
			sourceTree = "<group>";
		};
/* End PBXGroup section */

/* Begin PBXNativeTarget section */
		0AE6FB8D2A0CA6D70082AF4E /* NotesWatchApp */ = {
			isa = PBXNativeTarget;
			buildConfigurationList = 0AE6FBA82A0CA6D80082AF4E /* Build configuration list for PBXNativeTarget "NotesWatchApp" */;
			buildPhases = (
				0AE6FB8C2A0CA6D70082AF4E /* Resources */,
				0AE6FBA72A0CA6D80082AF4E /* Embed Watch Content */,
			);
			buildRules = (
			);
			dependencies = (
				0AE6FB972A0CA6D70082AF4E /* PBXTargetDependency */,
			);
			name = NotesWatchApp;
			productName = NotesWatchApp;
			productReference = 0AE6FB8E2A0CA6D70082AF4E /* NotesWatchApp.app */;
			productType = "com.apple.product-type.application.watchapp2-container";
		};
		0AE6FB932A0CA6D70082AF4E /* NotesWatchApp Watch App */ = {
			isa = PBXNativeTarget;
			buildConfigurationList = 0AE6FBA42A0CA6D80082AF4E /* Build configuration list for PBXNativeTarget "NotesWatchApp Watch App" */;
			buildPhases = (
				0AE6FB902A0CA6D70082AF4E /* Sources */,
				0AE6FB912A0CA6D70082AF4E /* Frameworks */,
				0AE6FB922A0CA6D70082AF4E /* Resources */,
			);
			buildRules = (
			);
			dependencies = (
			);
			name = "NotesWatchApp Watch App";
			productName = "NotesWatchApp Watch App";
			productReference = 0AE6FB942A0CA6D70082AF4E /* NotesWatchApp Watch App.app */;
			productType = "com.apple.product-type.application";
		};
/* End PBXNativeTarget section */

/* Begin PBXProject section */
		0AE6FB882A0CA6D70082AF4E /* Project object */ = {
			isa = PBXProject;
			attributes = {
				BuildIndependentTargetsInParallel = 1;
				LastSwiftUpdateCheck = 1430;
				LastUpgradeCheck = 1430;
				TargetAttributes = {
					0AE6FB8D2A0CA6D70082AF4E = {
						CreatedOnToolsVersion = 14.3;
					};
					0AE6FB932A0CA6D70082AF4E = {
						CreatedOnToolsVersion = 14.3;
					};
				};
			};
			buildConfigurationList = 0AE6FB8B2A0CA6D70082AF4E /* Build configuration list for PBXProject "NotesWatchApp" */;
			compatibilityVersion = "Xcode 14.0";
			developmentRegion = en;
			hasScannedForEncodings = 0;
			knownRegions = (
				en,
				Base,
			);
			mainGroup = 0AE6FB872A0CA6D70082AF4E;
			productRefGroup = 0AE6FB8F2A0CA6D70082AF4E /* Products */;
			projectDirPath = "";
			projectRoot = "";
			targets = (
				0AE6FB8D2A0CA6D70082AF4E /* NotesWatchApp */,
				0AE6FB932A0CA6D70082AF4E /* NotesWatchApp Watch App */,
			);
		};
/* End PBXProject section */

/* Begin PBXResourcesBuildPhase section */
		0AE6FB8C2A0CA6D70082AF4E /* Resources */ = {
			isa = PBXResourcesBuildPhase;
			buildActionMask = 2147483647;
			files = (
			);
			runOnlyForDeploymentPostprocessing = 0;
		};
		0AE6FB922A0CA6D70082AF4E /* Resources */ = {
			isa = PBXResourcesBuildPhase;
			buildActionMask = 2147483647;
			files = (
				0AE6FBA12A0CA6D80082AF4E /* Preview Assets.xcassets in Resources */,
				0AE6FB9E2A0CA6D80082AF4E /* Assets.xcassets in Resources */,
			);
			runOnlyForDeploymentPostprocessing = 0;
		};
/* End PBXResourcesBuildPhase section */

/* Begin PBXSourcesBuildPhase section */
		0AE6FB902A0CA6D70082AF4E /* Sources */ = {
			isa = PBXSourcesBuildPhase;
			buildActionMask = 2147483647;
			files = (
				0AE6FB9C2A0CA6D70082AF4E /* ContentView.swift in Sources */,
				0AE6FB9A2A0CA6D70082AF4E /* NotesWatchAppApp.swift in Sources */,
				0A1C4EF02A0CB7E100D7A9D2 /* DetailNote.swift in Sources */,
				0A1C4EEA2A0CAC6500D7A9D2 /* Note.swift in Sources */,
				0A1C4EF22A0CC9F100D7A9D2 /* Tools.swift in Sources */,
				0A1C4EEC2A0CAD8000D7A9D2 /* AddNote.swift in Sources */,
				0A1C4EEE2A0CB64B00D7A9D2 /* ListNotes.swift in Sources */,
			);
			runOnlyForDeploymentPostprocessing = 0;
		};
/* End PBXSourcesBuildPhase section */

/* Begin PBXTargetDependency section */
		0AE6FB972A0CA6D70082AF4E /* PBXTargetDependency */ = {
			isa = PBXTargetDependency;
			target = 0AE6FB932A0CA6D70082AF4E /* NotesWatchApp Watch App */;
			targetProxy = 0AE6FB962A0CA6D70082AF4E /* PBXContainerItemProxy */;
		};
/* End PBXTargetDependency section */

/* Begin XCBuildConfiguration section */
		0AE6FBA22A0CA6D80082AF4E /* Debug */ = {
			isa = XCBuildConfiguration;
			buildSettings = {
				ALWAYS_SEARCH_USER_PATHS = NO;
				CLANG_ANALYZER_NONNULL = YES;
				CLANG_ANALYZER_NUMBER_OBJECT_CONVERSION = YES_AGGRESSIVE;
				CLANG_CXX_LANGUAGE_STANDARD = "gnu++20";
				CLANG_ENABLE_MODULES = YES;
				CLANG_ENABLE_OBJC_ARC = YES;
				CLANG_ENABLE_OBJC_WEAK = YES;
				CLANG_WARN_BLOCK_CAPTURE_AUTORELEASING = YES;
				CLANG_WARN_BOOL_CONVERSION = YES;
				CLANG_WARN_COMMA = YES;
				CLANG_WARN_CONSTANT_CONVERSION = YES;
				CLANG_WARN_DEPRECATED_OBJC_IMPLEMENTATIONS = YES;
				CLANG_WARN_DIRECT_OBJC_ISA_USAGE = YES_ERROR;
				CLANG_WARN_DOCUMENTATION_COMMENTS = YES;
				CLANG_WARN_EMPTY_BODY = YES;
				CLANG_WARN_ENUM_CONVERSION = YES;
				CLANG_WARN_INFINITE_RECURSION = YES;
				CLANG_WARN_INT_CONVERSION = YES;
				CLANG_WARN_NON_LITERAL_NULL_CONVERSION = YES;
				CLANG_WARN_OBJC_IMPLICIT_RETAIN_SELF = YES;
				CLANG_WARN_OBJC_LITERAL_CONVERSION = YES;
				CLANG_WARN_OBJC_ROOT_CLASS = YES_ERROR;
				CLANG_WARN_QUOTED_INCLUDE_IN_FRAMEWORK_HEADER = YES;
				CLANG_WARN_RANGE_LOOP_ANALYSIS = YES;
				CLANG_WARN_STRICT_PROTOTYPES = YES;
				CLANG_WARN_SUSPICIOUS_MOVE = YES;
				CLANG_WARN_UNGUARDED_AVAILABILITY = YES_AGGRESSIVE;
				CLANG_WARN_UNREACHABLE_CODE = YES;
				CLANG_WARN__DUPLICATE_METHOD_MATCH = YES;
				COPY_PHASE_STRIP = NO;
				DEBUG_INFORMATION_FORMAT = dwarf;
				ENABLE_STRICT_OBJC_MSGSEND = YES;
				ENABLE_TESTABILITY = YES;
				GCC_C_LANGUAGE_STANDARD = gnu11;
				GCC_DYNAMIC_NO_PIC = NO;
				GCC_NO_COMMON_BLOCKS = YES;
				GCC_OPTIMIZATION_LEVEL = 0;
				GCC_PREPROCESSOR_DEFINITIONS = (
					"DEBUG=1",
					"$(inherited)",
				);
				GCC_WARN_64_TO_32_BIT_CONVERSION = YES;
				GCC_WARN_ABOUT_RETURN_TYPE = YES_ERROR;
				GCC_WARN_UNDECLARED_SELECTOR = YES;
				GCC_WARN_UNINITIALIZED_AUTOS = YES_AGGRESSIVE;
				GCC_WARN_UNUSED_FUNCTION = YES;
				GCC_WARN_UNUSED_VARIABLE = YES;
				MTL_ENABLE_DEBUG_INFO = INCLUDE_SOURCE;
				MTL_FAST_MATH = YES;
				ONLY_ACTIVE_ARCH = YES;
				SWIFT_ACTIVE_COMPILATION_CONDITIONS = DEBUG;
				SWIFT_OPTIMIZATION_LEVEL = "-Onone";
			};
			name = Debug;
		};
		0AE6FBA32A0CA6D80082AF4E /* Release */ = {
			isa = XCBuildConfiguration;
			buildSettings = {
				ALWAYS_SEARCH_USER_PATHS = NO;
				CLANG_ANALYZER_NONNULL = YES;
				CLANG_ANALYZER_NUMBER_OBJECT_CONVERSION = YES_AGGRESSIVE;
				CLANG_CXX_LANGUAGE_STANDARD = "gnu++20";
				CLANG_ENABLE_MODULES = YES;
				CLANG_ENABLE_OBJC_ARC = YES;
				CLANG_ENABLE_OBJC_WEAK = YES;
				CLANG_WARN_BLOCK_CAPTURE_AUTORELEASING = YES;
				CLANG_WARN_BOOL_CONVERSION = YES;
				CLANG_WARN_COMMA = YES;
				CLANG_WARN_CONSTANT_CONVERSION = YES;
				CLANG_WARN_DEPRECATED_OBJC_IMPLEMENTATIONS = YES;
				CLANG_WARN_DIRECT_OBJC_ISA_USAGE = YES_ERROR;
				CLANG_WARN_DOCUMENTATION_COMMENTS = YES;
				CLANG_WARN_EMPTY_BODY = YES;
				CLANG_WARN_ENUM_CONVERSION = YES;
				CLANG_WARN_INFINITE_RECURSION = YES;
				CLANG_WARN_INT_CONVERSION = YES;
				CLANG_WARN_NON_LITERAL_NULL_CONVERSION = YES;
				CLANG_WARN_OBJC_IMPLICIT_RETAIN_SELF = YES;
				CLANG_WARN_OBJC_LITERAL_CONVERSION = YES;
				CLANG_WARN_OBJC_ROOT_CLASS = YES_ERROR;
				CLANG_WARN_QUOTED_INCLUDE_IN_FRAMEWORK_HEADER = YES;
				CLANG_WARN_RANGE_LOOP_ANALYSIS = YES;
				CLANG_WARN_STRICT_PROTOTYPES = YES;
				CLANG_WARN_SUSPICIOUS_MOVE = YES;
				CLANG_WARN_UNGUARDED_AVAILABILITY = YES_AGGRESSIVE;
				CLANG_WARN_UNREACHABLE_CODE = YES;
				CLANG_WARN__DUPLICATE_METHOD_MATCH = YES;
				COPY_PHASE_STRIP = NO;
				DEBUG_INFORMATION_FORMAT = "dwarf-with-dsym";
				ENABLE_NS_ASSERTIONS = NO;
				ENABLE_STRICT_OBJC_MSGSEND = YES;
				GCC_C_LANGUAGE_STANDARD = gnu11;
				GCC_NO_COMMON_BLOCKS = YES;
				GCC_WARN_64_TO_32_BIT_CONVERSION = YES;
				GCC_WARN_ABOUT_RETURN_TYPE = YES_ERROR;
				GCC_WARN_UNDECLARED_SELECTOR = YES;
				GCC_WARN_UNINITIALIZED_AUTOS = YES_AGGRESSIVE;
				GCC_WARN_UNUSED_FUNCTION = YES;
				GCC_WARN_UNUSED_VARIABLE = YES;
				MTL_ENABLE_DEBUG_INFO = NO;
				MTL_FAST_MATH = YES;
				SWIFT_COMPILATION_MODE = wholemodule;
				SWIFT_OPTIMIZATION_LEVEL = "-O";
			};
			name = Release;
		};
		0AE6FBA52A0CA6D80082AF4E /* Debug */ = {
			isa = XCBuildConfiguration;
			buildSettings = {
				ASSETCATALOG_COMPILER_APPICON_NAME = AppIcon;
				ASSETCATALOG_COMPILER_GLOBAL_ACCENT_COLOR_NAME = AccentColor;
				CODE_SIGN_STYLE = Automatic;
				CURRENT_PROJECT_VERSION = 1;
				DEVELOPMENT_ASSET_PATHS = "\"NotesWatchApp Watch App/Preview Content\"";
				DEVELOPMENT_TEAM = 356985BM4W;
				ENABLE_PREVIEWS = YES;
				GENERATE_INFOPLIST_FILE = YES;
				INFOPLIST_KEY_CFBundleDisplayName = NotesWatchApp;
				INFOPLIST_KEY_UISupportedInterfaceOrientations = "UIInterfaceOrientationPortrait UIInterfaceOrientationPortraitUpsideDown";
				INFOPLIST_KEY_WKWatchOnly = YES;
				LD_RUNPATH_SEARCH_PATHS = (
					"$(inherited)",
					"@executable_path/Frameworks",
				);
				MARKETING_VERSION = 1.0;
				PRODUCT_BUNDLE_IDENTIFIER = Cesned.NotesWatchApp.watchkitapp;
				PRODUCT_NAME = "$(TARGET_NAME)";
				SDKROOT = watchos;
				SKIP_INSTALL = YES;
				SWIFT_EMIT_LOC_STRINGS = YES;
				SWIFT_VERSION = 5.0;
				TARGETED_DEVICE_FAMILY = 4;
				WATCHOS_DEPLOYMENT_TARGET = 9.4;
			};
			name = Debug;
		};
		0AE6FBA62A0CA6D80082AF4E /* Release */ = {
			isa = XCBuildConfiguration;
			buildSettings = {
				ASSETCATALOG_COMPILER_APPICON_NAME = AppIcon;
				ASSETCATALOG_COMPILER_GLOBAL_ACCENT_COLOR_NAME = AccentColor;
				CODE_SIGN_STYLE = Automatic;
				CURRENT_PROJECT_VERSION = 1;
				DEVELOPMENT_ASSET_PATHS = "\"NotesWatchApp Watch App/Preview Content\"";
				DEVELOPMENT_TEAM = 356985BM4W;
				ENABLE_PREVIEWS = YES;
				GENERATE_INFOPLIST_FILE = YES;
				INFOPLIST_KEY_CFBundleDisplayName = NotesWatchApp;
				INFOPLIST_KEY_UISupportedInterfaceOrientations = "UIInterfaceOrientationPortrait UIInterfaceOrientationPortraitUpsideDown";
				INFOPLIST_KEY_WKWatchOnly = YES;
				LD_RUNPATH_SEARCH_PATHS = (
					"$(inherited)",
					"@executable_path/Frameworks",
				);
				MARKETING_VERSION = 1.0;
				PRODUCT_BUNDLE_IDENTIFIER = Cesned.NotesWatchApp.watchkitapp;
				PRODUCT_NAME = "$(TARGET_NAME)";
				SDKROOT = watchos;
				SKIP_INSTALL = YES;
				SWIFT_EMIT_LOC_STRINGS = YES;
				SWIFT_VERSION = 5.0;
				TARGETED_DEVICE_FAMILY = 4;
				VALIDATE_PRODUCT = YES;
				WATCHOS_DEPLOYMENT_TARGET = 9.4;
			};
			name = Release;
		};
		0AE6FBA92A0CA6D80082AF4E /* Debug */ = {
			isa = XCBuildConfiguration;
			buildSettings = {
				ALWAYS_EMBED_SWIFT_STANDARD_LIBRARIES = YES;
				CODE_SIGN_STYLE = Automatic;
				CURRENT_PROJECT_VERSION = 1;
				DEVELOPMENT_TEAM = 356985BM4W;
				INFOPLIST_KEY_CFBundleDisplayName = NotesWatchApp;
				MARKETING_VERSION = 1.0;
				PRODUCT_BUNDLE_IDENTIFIER = Cesned.NotesWatchApp;
				PRODUCT_NAME = "$(TARGET_NAME)";
				SDKROOT = iphoneos;
				SWIFT_VERSION = 5.0;
			};
			name = Debug;
		};
		0AE6FBAA2A0CA6D80082AF4E /* Release */ = {
			isa = XCBuildConfiguration;
			buildSettings = {
				ALWAYS_EMBED_SWIFT_STANDARD_LIBRARIES = YES;
				CODE_SIGN_STYLE = Automatic;
				CURRENT_PROJECT_VERSION = 1;
				DEVELOPMENT_TEAM = 356985BM4W;
				INFOPLIST_KEY_CFBundleDisplayName = NotesWatchApp;
				MARKETING_VERSION = 1.0;
				PRODUCT_BUNDLE_IDENTIFIER = Cesned.NotesWatchApp;
				PRODUCT_NAME = "$(TARGET_NAME)";
				SDKROOT = iphoneos;
				SWIFT_VERSION = 5.0;
				VALIDATE_PRODUCT = YES;
			};
			name = Release;
		};
/* End XCBuildConfiguration section */

/* Begin XCConfigurationList section */
		0AE6FB8B2A0CA6D70082AF4E /* Build configuration list for PBXProject "NotesWatchApp" */ = {
			isa = XCConfigurationList;
			buildConfigurations = (
				0AE6FBA22A0CA6D80082AF4E /* Debug */,
				0AE6FBA32A0CA6D80082AF4E /* Release */,
			);
			defaultConfigurationIsVisible = 0;
			defaultConfigurationName = Release;
		};
		0AE6FBA42A0CA6D80082AF4E /* Build configuration list for PBXNativeTarget "NotesWatchApp Watch App" */ = {
			isa = XCConfigurationList;
			buildConfigurations = (
				0AE6FBA52A0CA6D80082AF4E /* Debug */,
				0AE6FBA62A0CA6D80082AF4E /* Release */,
			);
			defaultConfigurationIsVisible = 0;
			defaultConfigurationName = Release;
		};
		0AE6FBA82A0CA6D80082AF4E /* Build configuration list for PBXNativeTarget "NotesWatchApp" */ = {
			isa = XCConfigurationList;
			buildConfigurations = (
				0AE6FBA92A0CA6D80082AF4E /* Debug */,
				0AE6FBAA2A0CA6D80082AF4E /* Release */,
			);
			defaultConfigurationIsVisible = 0;
			defaultConfigurationName = Release;
		};
/* End XCConfigurationList section */
	};
	rootObject = 0AE6FB882A0CA6D70082AF4E /* Project object */;
}
